
Microsoft Visual Studio Solution File, Format Version 12.00
# Visual Studio 15
VisualStudioVersion = 15.0.27703.2018
MinimumVisualStudioVersion = 10.0.40219.1
Project("{FAE04EC0-301F-11D3-BF4B-00C04F79EFBC}") = "CommandPatternNotepad", "CommandPatternNotepad\CommandPatternNotepad.csproj", "{242A6B31-4EC7-4E24-88D7-E1670052105B}"
EndProject
Global
	GlobalSection(SolutionConfigurationPlatforms) = preSolution
		Debug|Any CPU = Debug|Any CPU
		Release|Any CPU = Release|Any CPU
	EndGlobalSection
	GlobalSection(ProjectConfigurationPlatforms) = postSolution
		{242A6B31-4EC7-4E24-88D7-E1670052105B}.Debug|Any CPU.ActiveCfg = Debug|Any CPU
		{242A6B31-4EC7-4E24-88D7-E1670052105B}.Debug|Any CPU.Build.0 = Debug|Any CPU
		{242A6B31-4EC7-4E24-88D7-E1670052105B}.Release|Any CPU.ActiveCfg = Release|Any CPU
		{242A6B31-4EC7-4E24-88D7-E1670052105B}.Release|Any CPU.Build.0 = Release|Any CPU
	EndGlobalSection
	GlobalSection(SolutionProperties) = preSolution
		HideSolutionNode = FALSE
	EndGlobalSection
	GlobalSection(ExtensibilityGlobals) = postSolution
		SolutionGuid = {6B0A89B2-F0C9-4225-874E-2E8BDBB55F9C}
	EndGlobalSection
EndGlobal
